{
  "projects": [
    {
      "projectId": "ohDidvG9XsCeFumugENU3J",
      "version": "3.4.0",
      "dependencies": {},
      "lang": "js",
      "fileLocks": [
        {
          "assetId": "ohDidvG9XsCeFumugENU3J",
          "type": "projectCss",
          "checksum": "93726672d70545e454fbe5134deec821"
        },
        {
          "assetId": "ohDidvG9XsCeFumugENU3J",
          "checksum": "73de8759f6c0d9a50948d6d3d7bf794b",
          "type": "globalContexts"
        }
      ],
      "codegenVersion": "0.0.1"
    },
    {
      "projectId": "3f7to55QzZLdVuCvXTRtuj",
      "version": "latest",
      "dependencies": {
        "ohDidvG9XsCeFumugENU3J": "3.4.0"
      },
      "lang": "js",
      "fileLocks": [
        {
          "type": "globalVariant",
          "assetId": "gZ9UT2EMOk_y9",
          "checksum": "d8c37eac78b2aed71c8a1238bcb6a667"
        },
        {
          "assetId": "3f7to55QzZLdVuCvXTRtuj",
          "type": "projectCss",
          "checksum": "916b0dd90d9bef1b73b98b93a8fae04c"
        },
        {
          "assetId": "3f7to55QzZLdVuCvXTRtuj",
          "checksum": "ff2e4ef6a741ee16625f2ab78712b3ce",
          "type": "globalContexts"
        },
        {
          "type": "renderModule",
          "assetId": "4klFuXNAJicq",
          "checksum": "fde51c84d15e8b70030d435edfc759b6"
        },
        {
          "type": "cssRules",
          "assetId": "4klFuXNAJicq",
          "checksum": "fde51c84d15e8b70030d435edfc759b6"
        },
        {
          "type": "renderModule",
          "assetId": "DQ9zxsgHSg",
          "checksum": "bdc9236494ca6a4eedeb5e71f75ceae1"
        },
        {
          "type": "cssRules",
          "assetId": "DQ9zxsgHSg",
          "checksum": "bdc9236494ca6a4eedeb5e71f75ceae1"
        },
        {
          "type": "icon",
          "assetId": "dMdJZgQnQY",
          "checksum": "d3e99a868db5ad02acdadbbbd9034341"
        },
        {
          "type": "icon",
          "assetId": "porqcMLQcp",
          "checksum": "b540d6140f93c8a9868d7bee91fe72e0"
        },
        {
          "type": "icon",
          "assetId": "2_a7kFANJr",
          "checksum": "a900115193610d8e4d19e8be9383904d"
        },
        {
          "type": "icon",
          "assetId": "dQyjJOeo8I",
          "checksum": "229500acb51999014f95ce18b011d59b"
        },
        {
          "type": "icon",
          "assetId": "EprzavTEO",
          "checksum": "050e080710ffeec493adde2102cf35b0"
        },
        {
          "type": "icon",
          "assetId": "UUTQh7O5G",
          "checksum": "b74914149caf08286187c972bb8bdad7"
        },
        {
          "type": "icon",
          "assetId": "_2lGg1ANxe",
          "checksum": "e0c5f329d2ea1fe605846cfe7b2e7e7a"
        },
        {
          "type": "icon",
          "assetId": "TwjfIw4K8X",
          "checksum": "be6d5364f229c27ee33c310960d429bb"
        },
        {
          "type": "icon",
          "assetId": "Y-Gk_RWC7i",
          "checksum": "42cba0909faabd89985abcc4b57f0ea9"
        },
        {
          "type": "image",
          "assetId": "JP6iaPmes",
          "checksum": "a224c85a097a3ae47ddab1f9d666e61a"
        },
        {
          "type": "image",
          "assetId": "CuZlgDhv8_",
          "checksum": "dc1a05a2324385b77eaeb0237bc10f16"
        },
        {
          "type": "image",
          "assetId": "yFq_JM9Xzl",
          "checksum": "609791f143ca063163a1f75dc29987f8"
        }
      ],
      "codegenVersion": "0.0.1"
    }
  ],
  "cliVersion": "0.1.261"
}
